schema: '2.0'
stages:
  load_extract_save:
    cmd: python src/stage_01_load_extract_save.py --config=config/config.yaml
    deps:
    - path: config/config.yaml
      md5: 7a6a68263061499fd6313faac311900f
      size: 376
    - path: src/stage_01_load_extract_save.py
      md5: b5ac713ab6ed26f9cad857a444096aff
      size: 3229
    - path: src/utils/all_utils.py
      md5: bf1e33823cddfd1c3e275d557f8ec303
      size: 925
    outs:
    - path: artifacts/clean_data/X.npy
      md5: 1bff211284d2c28b5c21e995553e56f2
      size: 80128
    - path: artifacts/clean_data/Y.npy
      md5: 756995622090a740c767d61b7521b182
      size: 2128
  train_test_split_save:
    cmd: python src/stage_02_train_test_split_save.py --config=config/config.yaml
      --params=params.yaml
    deps:
    - path: artifacts/clean_data/X.npy
      md5: 1bff211284d2c28b5c21e995553e56f2
      size: 80128
    - path: artifacts/clean_data/Y.npy
      md5: 756995622090a740c767d61b7521b182
      size: 2128
    - path: params.yaml
      md5: cb5d74ed645cc53943193420f975c900
      size: 221
    - path: src/stage_02_train_test_split_save.py
      md5: d943688a61c294596b1f7492ba34eccb
      size: 2385
    outs:
    - path: artifacts/test_data/X_test.npy
      md5: dcb447b2febb0e7bc07a0fd587662fd4
      size: 16128
    - path: artifacts/test_data/Y_test.npy
      md5: ee8f642ec0ac2163044a9472a96d19b9
      size: 528
    - path: artifacts/train_data/X_train.npy
      md5: bccf6416b7b1cc79068d962b903297c4
      size: 64128
    - path: artifacts/train_data/Y_train.npy
      md5: 75a49a35c53539aaae40e10e7a32ac73
      size: 1728
  train_model:
    cmd: python src/stage_03_train.py --config=config/config.yaml --params=params.yaml
    deps:
    - path: artifacts/test_data/X_test.npy
      md5: dcb447b2febb0e7bc07a0fd587662fd4
      size: 16128
    - path: artifacts/test_data/Y_test.npy
      md5: ee8f642ec0ac2163044a9472a96d19b9
      size: 528
    - path: artifacts/train_data/X_train.npy
      md5: bccf6416b7b1cc79068d962b903297c4
      size: 64128
    - path: artifacts/train_data/Y_train.npy
      md5: 75a49a35c53539aaae40e10e7a32ac73
      size: 1728
    - path: src/stage_03_train.py
      md5: 1869395818eaba38b6f21f36a2cb6b04
      size: 3459
    outs:
    - path: artifacts/checkpoints
      md5: d7e49ae8bb4ce1a56d493ddd4d73fae9.dir
      size: 427119
      nfiles: 4
