schema: '2.0'
stages:
  load_extract_save:
    cmd: python src/stage_01_load_extract_save.py --config=config/config.yaml
    deps:
    - path: config/config.yaml
      md5: 7a6a68263061499fd6313faac311900f
      size: 376
    - path: src/stage_01_load_extract_save.py
      md5: 4ccd1fa798812d9c32d5629347ccab05
      size: 3082
    - path: src/utils/all_utils.py
      md5: bf1e33823cddfd1c3e275d557f8ec303
      size: 925
    outs:
    - path: artifacts/clean_data/X.npy
      md5: ef15a47e918bed2c6afaf3454325e0d8
      size: 4720128
    - path: artifacts/clean_data/Y.npy
      md5: db73cea83a8ef722a1e19de3e12aedd1
      size: 118128
  train_test_split_save:
    cmd: python src/stage_02_train_test_split_save.py --config=config/config.yaml
      --params=params.yaml
    deps:
    - path: artifacts/clean_data/X.npy
      md5: ef15a47e918bed2c6afaf3454325e0d8
      size: 4720128
    - path: artifacts/clean_data/Y.npy
      md5: db73cea83a8ef722a1e19de3e12aedd1
      size: 118128
    - path: config/config.yaml
      md5: 7a6a68263061499fd6313faac311900f
      size: 376
    - path: params.yaml
      md5: 43cd700a6fb19c8c52a1fc39dbcc15d6
      size: 222
    - path: src/stage_02_train_test_split_save.py
      md5: 8673108e374c22084e80db91e26ea428
      size: 2776
    outs:
    - path: artifacts/test_data/X_test.npy
      md5: 0725ca75369430daaacc6dffb327c679
      size: 944128
    - path: artifacts/test_data/Y_test.npy
      md5: 36fca5fcfb9481511215e4ddd3446352
      size: 23728
    - path: artifacts/train_data/X_train.npy
      md5: 710fdb98228838c93be493906e1d1cc4
      size: 3776128
    - path: artifacts/train_data/Y_train.npy
      md5: 261c5abe8fa99b1b59eb2b434a0d8ecc
      size: 94528
  train_model:
    cmd: python src/stage_03_train.py --config=config/config.yaml --params=params.yaml
    deps:
    - path: artifacts/test_data/X_test.npy
      md5: 0725ca75369430daaacc6dffb327c679
      size: 944128
    - path: artifacts/test_data/Y_test.npy
      md5: 36fca5fcfb9481511215e4ddd3446352
      size: 23728
    - path: artifacts/train_data/X_train.npy
      md5: 710fdb98228838c93be493906e1d1cc4
      size: 3776128
    - path: artifacts/train_data/Y_train.npy
      md5: 261c5abe8fa99b1b59eb2b434a0d8ecc
      size: 94528
    - path: config/config.yaml
      md5: 7a6a68263061499fd6313faac311900f
      size: 376
    - path: params.yaml
      md5: 43cd700a6fb19c8c52a1fc39dbcc15d6
      size: 222
    - path: src/stage_03_train.py
      md5: f34d92ff3e9cf0cd7e3898fe7938de15
      size: 3851
    outs:
    - path: artifacts/checkpoints
      md5: b97efa0eecf6b68c025d1453eeed84a2.dir
      size: 427427
      nfiles: 4
    - path: artifacts/model
      md5: ea6258e0a4128dfb27b4f98da9d0a898.dir
      size: 427427
      nfiles: 4
  metrics:
    cmd: python src/stage_04_metrics.py --config=config/config.yaml
    deps:
    - path: artifacts/checkpoints
      md5: b97efa0eecf6b68c025d1453eeed84a2.dir
      size: 427427
      nfiles: 4
    - path: artifacts/model
      md5: ea6258e0a4128dfb27b4f98da9d0a898.dir
      size: 427427
      nfiles: 4
    - path: artifacts/test_data/X_test.npy
      md5: 0725ca75369430daaacc6dffb327c679
      size: 944128
    - path: artifacts/test_data/Y_test.npy
      md5: 36fca5fcfb9481511215e4ddd3446352
      size: 23728
    - path: config/config.yaml
      md5: 7a6a68263061499fd6313faac311900f
      size: 376
    - path: src/stage_04_metrics.py
      md5: 65707f2df01c34eb506dcdbfaa707d8d
      size: 2607
    outs:
    - path: confusion_matrix.png
      md5: b354ea3a5a5e32127fbe033fdd844b1f
      size: 36271
